// !$*UTF8*$!
{
	archiveVersion = 1;
	classes = {
	};
	objectVersion = 51;
	objects = {

/* Begin PBXBuildFile section */
		1938B7E3AC282A9E06E24827 /* Pods_FaceRecognitionUITests.framework in Frameworks */ = {isa = PBXBuildFile; fileRef = BA53D631966FCF7D8CC4F056 /* Pods_FaceRecognitionUITests.framework */; };
		9000E8BF230E7ADE007E271F /* CameraViewController.swift in Sources */ = {isa = PBXBuildFile; fileRef = 9000E8BE230E7ADE007E271F /* CameraViewController.swift */; };
		9000E8C2230E833B007E271F /* UIViewController+Alert.swift in Sources */ = {isa = PBXBuildFile; fileRef = 9000E8C1230E833B007E271F /* UIViewController+Alert.swift */; };
		9000E8C5230E83B9007E271F /* Error+FaceRecognition.swift in Sources */ = {isa = PBXBuildFile; fileRef = 9000E8C4230E83B9007E271F /* Error+FaceRecognition.swift */; };
		9000E8D2230E8881007E271F /* HomeViewController.swift in Sources */ = {isa = PBXBuildFile; fileRef = 9000E8CC230E8881007E271F /* HomeViewController.swift */; };
		9000E8DC230E88E4007E271F /* TakePicturesViewController.swift in Sources */ = {isa = PBXBuildFile; fileRef = 9000E8D7230E88E4007E271F /* TakePicturesViewController.swift */; };
		9000E8EC230E982D007E271F /* PhotoManager.swift in Sources */ = {isa = PBXBuildFile; fileRef = 9000E8EB230E982D007E271F /* PhotoManager.swift */; };
		9000E8EE230E98B4007E271F /* CGFloat+Math.swift in Sources */ = {isa = PBXBuildFile; fileRef = 9000E8ED230E98B4007E271F /* CGFloat+Math.swift */; };
		9000E8F0230E98CE007E271F /* CIImage+Vision.swift in Sources */ = {isa = PBXBuildFile; fileRef = 9000E8EF230E98CE007E271F /* CIImage+Vision.swift */; };
		900F6BC3230CF55C0018D22C /* AppDelegate.swift in Sources */ = {isa = PBXBuildFile; fileRef = 900F6BC2230CF55C0018D22C /* AppDelegate.swift */; };
		900F6BCA230CF55D0018D22C /* Assets.xcassets in Resources */ = {isa = PBXBuildFile; fileRef = 900F6BC9230CF55D0018D22C /* Assets.xcassets */; };
		900F6BCD230CF55D0018D22C /* LaunchScreen.storyboard in Resources */ = {isa = PBXBuildFile; fileRef = 900F6BCB230CF55D0018D22C /* LaunchScreen.storyboard */; };
		909D30CA230F89D600816CD3 /* FaceTrackingController.swift in Sources */ = {isa = PBXBuildFile; fileRef = 909D30C9230F89D600816CD3 /* FaceTrackingController.swift */; };
		909D30CC230F8A0200816CD3 /* ModelManager.swift in Sources */ = {isa = PBXBuildFile; fileRef = 909D30CB230F8A0200816CD3 /* ModelManager.swift */; };
		909D30CF230F8A2D00816CD3 /* ImageClassifier.mlmodel in Sources */ = {isa = PBXBuildFile; fileRef = 909D30CE230F8A2D00816CD3 /* ImageClassifier.mlmodel */; };
		A075AE94CDF6E3B249F23F66 /* Pods_FaceRecognition.framework in Frameworks */ = {isa = PBXBuildFile; fileRef = 976E1064DF22785CD4F8D392 /* Pods_FaceRecognition.framework */; };
		B0BB017E92525A014333288D /* Pods_FaceRecognitionTests.framework in Frameworks */ = {isa = PBXBuildFile; fileRef = 477E265737A280E217FE5923 /* Pods_FaceRecognitionTests.framework */; };
/* End PBXBuildFile section */

/* Begin PBXContainerItemProxy section */
		900F6BD4230CF55D0018D22C /* PBXContainerItemProxy */ = {
			isa = PBXContainerItemProxy;
			containerPortal = 900F6BB7230CF55C0018D22C /* Project object */;
			proxyType = 1;
			remoteGlobalIDString = 900F6BBE230CF55C0018D22C;
			remoteInfo = FaceRecognition;
		};
		900F6BDF230CF55D0018D22C /* PBXContainerItemProxy */ = {
			isa = PBXContainerItemProxy;
			containerPortal = 900F6BB7230CF55C0018D22C /* Project object */;
			proxyType = 1;
			remoteGlobalIDString = 900F6BBE230CF55C0018D22C;
			remoteInfo = FaceRecognition;
		};
/* End PBXContainerItemProxy section */

/* Begin PBXFileReference section */
		477E265737A280E217FE5923 /* Pods_FaceRecognitionTests.framework */ = {isa = PBXFileReference; explicitFileType = wrapper.framework; includeInIndex = 0; path = Pods_FaceRecognitionTests.framework; sourceTree = BUILT_PRODUCTS_DIR; };
		5F15704D38DC038E2FC93FF8 /* Pods-FaceRecognitionTests.debug.xcconfig */ = {isa = PBXFileReference; includeInIndex = 1; lastKnownFileType = text.xcconfig; name = "Pods-FaceRecognitionTests.debug.xcconfig"; path = "Target Support Files/Pods-FaceRecognitionTests/Pods-FaceRecognitionTests.debug.xcconfig"; sourceTree = "<group>"; };
		6872641C28CE954A36F811E6 /* Pods-FaceRecognitionUITests.release.xcconfig */ = {isa = PBXFileReference; includeInIndex = 1; lastKnownFileType = text.xcconfig; name = "Pods-FaceRecognitionUITests.release.xcconfig"; path = "Target Support Files/Pods-FaceRecognitionUITests/Pods-FaceRecognitionUITests.release.xcconfig"; sourceTree = "<group>"; };
		89FAB5FFD0499E3BA7D67DB0 /* Pods-FaceRecognition.debug.xcconfig */ = {isa = PBXFileReference; includeInIndex = 1; lastKnownFileType = text.xcconfig; name = "Pods-FaceRecognition.debug.xcconfig"; path = "Target Support Files/Pods-FaceRecognition/Pods-FaceRecognition.debug.xcconfig"; sourceTree = "<group>"; };
		9000E8BE230E7ADE007E271F /* CameraViewController.swift */ = {isa = PBXFileReference; lastKnownFileType = sourcecode.swift; path = CameraViewController.swift; sourceTree = "<group>"; };
		9000E8C1230E833B007E271F /* UIViewController+Alert.swift */ = {isa = PBXFileReference; lastKnownFileType = sourcecode.swift; path = "UIViewController+Alert.swift"; sourceTree = "<group>"; };
		9000E8C4230E83B9007E271F /* Error+FaceRecognition.swift */ = {isa = PBXFileReference; lastKnownFileType = sourcecode.swift; path = "Error+FaceRecognition.swift"; sourceTree = "<group>"; };
		9000E8CC230E8881007E271F /* HomeViewController.swift */ = {isa = PBXFileReference; fileEncoding = 4; lastKnownFileType = sourcecode.swift; path = HomeViewController.swift; sourceTree = "<group>"; };
		9000E8D7230E88E4007E271F /* TakePicturesViewController.swift */ = {isa = PBXFileReference; lastKnownFileType = sourcecode.swift; path = TakePicturesViewController.swift; sourceTree = "<group>"; };
		9000E8EB230E982D007E271F /* PhotoManager.swift */ = {isa = PBXFileReference; lastKnownFileType = sourcecode.swift; path = PhotoManager.swift; sourceTree = "<group>"; };
		9000E8ED230E98B4007E271F /* CGFloat+Math.swift */ = {isa = PBXFileReference; lastKnownFileType = sourcecode.swift; path = "CGFloat+Math.swift"; sourceTree = "<group>"; };
		9000E8EF230E98CE007E271F /* CIImage+Vision.swift */ = {isa = PBXFileReference; lastKnownFileType = sourcecode.swift; path = "CIImage+Vision.swift"; sourceTree = "<group>"; };
		900F6BBF230CF55C0018D22C /* FaceRecognition.app */ = {isa = PBXFileReference; explicitFileType = wrapper.application; includeInIndex = 0; path = FaceRecognition.app; sourceTree = BUILT_PRODUCTS_DIR; };
		900F6BC2230CF55C0018D22C /* AppDelegate.swift */ = {isa = PBXFileReference; lastKnownFileType = sourcecode.swift; path = AppDelegate.swift; sourceTree = "<group>"; };
		900F6BC9230CF55D0018D22C /* Assets.xcassets */ = {isa = PBXFileReference; lastKnownFileType = folder.assetcatalog; path = Assets.xcassets; sourceTree = "<group>"; };
		900F6BCC230CF55D0018D22C /* Base */ = {isa = PBXFileReference; lastKnownFileType = file.storyboard; name = Base; path = Base.lproj/LaunchScreen.storyboard; sourceTree = "<group>"; };
		900F6BCE230CF55D0018D22C /* Info.plist */ = {isa = PBXFileReference; lastKnownFileType = text.plist.xml; path = Info.plist; sourceTree = "<group>"; };
		900F6BD3230CF55D0018D22C /* FaceRecognitionTests.xctest */ = {isa = PBXFileReference; explicitFileType = wrapper.cfbundle; includeInIndex = 0; path = FaceRecognitionTests.xctest; sourceTree = BUILT_PRODUCTS_DIR; };
		900F6BD9230CF55D0018D22C /* Info.plist */ = {isa = PBXFileReference; lastKnownFileType = text.plist.xml; path = Info.plist; sourceTree = "<group>"; };
		900F6BDE230CF55D0018D22C /* FaceRecognitionUITests.xctest */ = {isa = PBXFileReference; explicitFileType = wrapper.cfbundle; includeInIndex = 0; path = FaceRecognitionUITests.xctest; sourceTree = BUILT_PRODUCTS_DIR; };
		900F6BE4230CF55D0018D22C /* Info.plist */ = {isa = PBXFileReference; lastKnownFileType = text.plist.xml; path = Info.plist; sourceTree = "<group>"; };
		909D30C9230F89D600816CD3 /* FaceTrackingController.swift */ = {isa = PBXFileReference; lastKnownFileType = sourcecode.swift; path = FaceTrackingController.swift; sourceTree = "<group>"; };
		909D30CB230F8A0200816CD3 /* ModelManager.swift */ = {isa = PBXFileReference; lastKnownFileType = sourcecode.swift; path = ModelManager.swift; sourceTree = "<group>"; };
		909D30CE230F8A2D00816CD3 /* ImageClassifier.mlmodel */ = {isa = PBXFileReference; lastKnownFileType = file.mlmodel; path = ImageClassifier.mlmodel; sourceTree = "<group>"; };
		976E1064DF22785CD4F8D392 /* Pods_FaceRecognition.framework */ = {isa = PBXFileReference; explicitFileType = wrapper.framework; includeInIndex = 0; path = Pods_FaceRecognition.framework; sourceTree = BUILT_PRODUCTS_DIR; };
		BA53D631966FCF7D8CC4F056 /* Pods_FaceRecognitionUITests.framework */ = {isa = PBXFileReference; explicitFileType = wrapper.framework; includeInIndex = 0; path = Pods_FaceRecognitionUITests.framework; sourceTree = BUILT_PRODUCTS_DIR; };
		C98649B71E1D625262A16B5B /* Pods-FaceRecognitionTests.release.xcconfig */ = {isa = PBXFileReference; includeInIndex = 1; lastKnownFileType = text.xcconfig; name = "Pods-FaceRecognitionTests.release.xcconfig"; path = "Target Support Files/Pods-FaceRecognitionTests/Pods-FaceRecognitionTests.release.xcconfig"; sourceTree = "<group>"; };
		CDC0EBEA2A29ECFADA36A320 /* Pods-FaceRecognitionUITests.debug.xcconfig */ = {isa = PBXFileReference; includeInIndex = 1; lastKnownFileType = text.xcconfig; name = "Pods-FaceRecognitionUITests.debug.xcconfig"; path = "Target Support Files/Pods-FaceRecognitionUITests/Pods-FaceRecognitionUITests.debug.xcconfig"; sourceTree = "<group>"; };
		F5799412932ED8F64AAA039C /* Pods-FaceRecognition.release.xcconfig */ = {isa = PBXFileReference; includeInIndex = 1; lastKnownFileType = text.xcconfig; name = "Pods-FaceRecognition.release.xcconfig"; path = "Target Support Files/Pods-FaceRecognition/Pods-FaceRecognition.release.xcconfig"; sourceTree = "<group>"; };
/* End PBXFileReference section */

/* Begin PBXFrameworksBuildPhase section */
		900F6BBC230CF55C0018D22C /* Frameworks */ = {
			isa = PBXFrameworksBuildPhase;
			buildActionMask = 2147483647;
			files = (
				A075AE94CDF6E3B249F23F66 /* Pods_FaceRecognition.framework in Frameworks */,
			);
			runOnlyForDeploymentPostprocessing = 0;
		};
		900F6BD0230CF55D0018D22C /* Frameworks */ = {
			isa = PBXFrameworksBuildPhase;
			buildActionMask = 2147483647;
			files = (
				B0BB017E92525A014333288D /* Pods_FaceRecognitionTests.framework in Frameworks */,
			);
			runOnlyForDeploymentPostprocessing = 0;
		};
		900F6BDB230CF55D0018D22C /* Frameworks */ = {
			isa = PBXFrameworksBuildPhase;
			buildActionMask = 2147483647;
			files = (
				1938B7E3AC282A9E06E24827 /* Pods_FaceRecognitionUITests.framework in Frameworks */,
			);
			runOnlyForDeploymentPostprocessing = 0;
		};
/* End PBXFrameworksBuildPhase section */

/* Begin PBXGroup section */
		4538BC4725F66A468A71F9F7 /* Pods */ = {
			isa = PBXGroup;
			children = (
				89FAB5FFD0499E3BA7D67DB0 /* Pods-FaceRecognition.debug.xcconfig */,
				F5799412932ED8F64AAA039C /* Pods-FaceRecognition.release.xcconfig */,
				5F15704D38DC038E2FC93FF8 /* Pods-FaceRecognitionTests.debug.xcconfig */,
				C98649B71E1D625262A16B5B /* Pods-FaceRecognitionTests.release.xcconfig */,
				CDC0EBEA2A29ECFADA36A320 /* Pods-FaceRecognitionUITests.debug.xcconfig */,
				6872641C28CE954A36F811E6 /* Pods-FaceRecognitionUITests.release.xcconfig */,
			);
			path = Pods;
			sourceTree = "<group>";
		};
		660F955628F355D7608BA017 /* Frameworks */ = {
			isa = PBXGroup;
			children = (
				976E1064DF22785CD4F8D392 /* Pods_FaceRecognition.framework */,
				477E265737A280E217FE5923 /* Pods_FaceRecognitionTests.framework */,
				BA53D631966FCF7D8CC4F056 /* Pods_FaceRecognitionUITests.framework */,
			);
			name = Frameworks;
			sourceTree = "<group>";
		};
		9000E8BC230E7AC5007E271F /* Design */ = {
			isa = PBXGroup;
			children = (
				9000E8EA230E9812007E271F /* Manager */,
				9000E8C0230E8214007E271F /* Extensions */,
				9000E8BD230E7AD0007E271F /* View */,
			);
			path = Design;
			sourceTree = "<group>";
		};
		9000E8BD230E7AD0007E271F /* View */ = {
			isa = PBXGroup;
			children = (
				9000E8BE230E7ADE007E271F /* CameraViewController.swift */,
			);
			path = View;
			sourceTree = "<group>";
		};
		9000E8C0230E8214007E271F /* Extensions */ = {
			isa = PBXGroup;
			children = (
				9000E8C1230E833B007E271F /* UIViewController+Alert.swift */,
				9000E8C4230E83B9007E271F /* Error+FaceRecognition.swift */,
				9000E8ED230E98B4007E271F /* CGFloat+Math.swift */,
				9000E8EF230E98CE007E271F /* CIImage+Vision.swift */,
			);
			path = Extensions;
			sourceTree = "<group>";
		};
		9000E8D4230E88AA007E271F /* TakePictures */ = {
			isa = PBXGroup;
			children = (
				9000E8D7230E88E4007E271F /* TakePicturesViewController.swift */,
			);
			path = TakePictures;
			sourceTree = "<group>";
		};
		9000E8EA230E9812007E271F /* Manager */ = {
			isa = PBXGroup;
			children = (
				9000E8EB230E982D007E271F /* PhotoManager.swift */,
				909D30CB230F8A0200816CD3 /* ModelManager.swift */,
			);
			path = Manager;
			sourceTree = "<group>";
		};
		900F6BB6230CF55C0018D22C = {
			isa = PBXGroup;
			children = (
				900F6BC1230CF55C0018D22C /* FaceRecognition */,
				900F6BD6230CF55D0018D22C /* FaceRecognitionTests */,
				900F6BE1230CF55D0018D22C /* FaceRecognitionUITests */,
				900F6BC0230CF55C0018D22C /* Products */,
				4538BC4725F66A468A71F9F7 /* Pods */,
				660F955628F355D7608BA017 /* Frameworks */,
			);
			sourceTree = "<group>";
		};
		900F6BC0230CF55C0018D22C /* Products */ = {
			isa = PBXGroup;
			children = (
				900F6BBF230CF55C0018D22C /* FaceRecognition.app */,
				900F6BD3230CF55D0018D22C /* FaceRecognitionTests.xctest */,
				900F6BDE230CF55D0018D22C /* FaceRecognitionUITests.xctest */,
			);
			name = Products;
			sourceTree = "<group>";
		};
		900F6BC1230CF55C0018D22C /* FaceRecognition */ = {
			isa = PBXGroup;
			children = (
				900F6BF6230CF60F0018D22C /* AppDelegate */,
				9000E8BC230E7AC5007E271F /* Design */,
				900F6BF7230CF6160018D22C /* Modules */,
				900F6BF3230CF5EF0018D22C /* Resources */,
				900F6BF2230CF5E80018D22C /* Supporting Files */,
			);
			path = FaceRecognition;
			sourceTree = "<group>";
		};
		900F6BD6230CF55D0018D22C /* FaceRecognitionTests */ = {
			isa = PBXGroup;
			children = (
				900F6BF0230CF5810018D22C /* Supporting Files */,
			);
			path = FaceRecognitionTests;
			sourceTree = "<group>";
		};
		900F6BE1230CF55D0018D22C /* FaceRecognitionUITests */ = {
			isa = PBXGroup;
			children = (
				900F6BF1230CF5890018D22C /* Supporting FIles */,
			);
			path = FaceRecognitionUITests;
			sourceTree = "<group>";
		};
		900F6BF0230CF5810018D22C /* Supporting Files */ = {
			isa = PBXGroup;
			children = (
				900F6BD9230CF55D0018D22C /* Info.plist */,
			);
			path = "Supporting Files";
			sourceTree = "<group>";
		};
		900F6BF1230CF5890018D22C /* Supporting FIles */ = {
			isa = PBXGroup;
			children = (
				900F6BE4230CF55D0018D22C /* Info.plist */,
			);
			path = "Supporting FIles";
			sourceTree = "<group>";
		};
		900F6BF2230CF5E80018D22C /* Supporting Files */ = {
			isa = PBXGroup;
			children = (
				900F6BCE230CF55D0018D22C /* Info.plist */,
			);
			path = "Supporting Files";
			sourceTree = "<group>";
		};
		900F6BF3230CF5EF0018D22C /* Resources */ = {
			isa = PBXGroup;
			children = (
				909D30CD230F8A2400816CD3 /* Model */,
				900F6BF5230CF5FD0018D22C /* LaunchScreen */,
				900F6BF4230CF5F60018D22C /* Images */,
			);
			path = Resources;
			sourceTree = "<group>";
		};
		900F6BF4230CF5F60018D22C /* Images */ = {
			isa = PBXGroup;
			children = (
				900F6BC9230CF55D0018D22C /* Assets.xcassets */,
			);
			path = Images;
			sourceTree = "<group>";
		};
		900F6BF5230CF5FD0018D22C /* LaunchScreen */ = {
			isa = PBXGroup;
			children = (
				900F6BCB230CF55D0018D22C /* LaunchScreen.storyboard */,
			);
			path = LaunchScreen;
			sourceTree = "<group>";
		};
		900F6BF6230CF60F0018D22C /* AppDelegate */ = {
			isa = PBXGroup;
			children = (
				900F6BC2230CF55C0018D22C /* AppDelegate.swift */,
			);
			path = AppDelegate;
			sourceTree = "<group>";
		};
		900F6BF7230CF6160018D22C /* Modules */ = {
			isa = PBXGroup;
			children = (
				900F6BF8230CF6240018D22C /* Home */,
				9000E8D4230E88AA007E271F /* TakePictures */,
				909D30C8230F89C000816CD3 /* FaceTracking */,
			);
			path = Modules;
			sourceTree = "<group>";
		};
		900F6BF8230CF6240018D22C /* Home */ = {
			isa = PBXGroup;
			children = (
				9000E8CC230E8881007E271F /* HomeViewController.swift */,
			);
			path = Home;
			sourceTree = "<group>";
		};
		909D30C8230F89C000816CD3 /* FaceTracking */ = {
			isa = PBXGroup;
			children = (
				909D30C9230F89D600816CD3 /* FaceTrackingController.swift */,
			);
			path = FaceTracking;
			sourceTree = "<group>";
		};
		909D30CD230F8A2400816CD3 /* Model */ = {
			isa = PBXGroup;
			children = (
				909D30CE230F8A2D00816CD3 /* ImageClassifier.mlmodel */,
			);
			path = Model;
			sourceTree = "<group>";
		};
/* End PBXGroup section */

/* Begin PBXNativeTarget section */
		900F6BBE230CF55C0018D22C /* FaceRecognition */ = {
			isa = PBXNativeTarget;
			buildConfigurationList = 900F6BE7230CF55D0018D22C /* Build configuration list for PBXNativeTarget "FaceRecognition" */;
			buildPhases = (
				A6E9DCA7D3C3E8BCE3BC42FE /* [CP] Check Pods Manifest.lock */,
				900F6BBB230CF55C0018D22C /* Sources */,
				900F6BBC230CF55C0018D22C /* Frameworks */,
				900F6BBD230CF55C0018D22C /* Resources */,
				96946EF16EFC8EF0054A53B5 /* [CP] Embed Pods Frameworks */,
			);
			buildRules = (
			);
			dependencies = (
			);
			name = FaceRecognition;
			productName = FaceRecognition;
			productReference = 900F6BBF230CF55C0018D22C /* FaceRecognition.app */;
			productType = "com.apple.product-type.application";
		};
		900F6BD2230CF55D0018D22C /* FaceRecognitionTests */ = {
			isa = PBXNativeTarget;
			buildConfigurationList = 900F6BEA230CF55D0018D22C /* Build configuration list for PBXNativeTarget "FaceRecognitionTests" */;
			buildPhases = (
				A6B00539C9A629155648E420 /* [CP] Check Pods Manifest.lock */,
				900F6BCF230CF55D0018D22C /* Sources */,
				900F6BD0230CF55D0018D22C /* Frameworks */,
				900F6BD1230CF55D0018D22C /* Resources */,
			);
			buildRules = (
			);
			dependencies = (
				900F6BD5230CF55D0018D22C /* PBXTargetDependency */,
			);
			name = FaceRecognitionTests;
			productName = FaceRecognitionTests;
			productReference = 900F6BD3230CF55D0018D22C /* FaceRecognitionTests.xctest */;
			productType = "com.apple.product-type.bundle.unit-test";
		};
		900F6BDD230CF55D0018D22C /* FaceRecognitionUITests */ = {
			isa = PBXNativeTarget;
			buildConfigurationList = 900F6BED230CF55D0018D22C /* Build configuration list for PBXNativeTarget "FaceRecognitionUITests" */;
			buildPhases = (
				41D9CF5D0E8B7D461729D13D /* [CP] Check Pods Manifest.lock */,
				900F6BDA230CF55D0018D22C /* Sources */,
				900F6BDB230CF55D0018D22C /* Frameworks */,
				900F6BDC230CF55D0018D22C /* Resources */,
			);
			buildRules = (
			);
			dependencies = (
				900F6BE0230CF55D0018D22C /* PBXTargetDependency */,
			);
			name = FaceRecognitionUITests;
			productName = FaceRecognitionUITests;
			productReference = 900F6BDE230CF55D0018D22C /* FaceRecognitionUITests.xctest */;
			productType = "com.apple.product-type.bundle.ui-testing";
		};
/* End PBXNativeTarget section */

/* Begin PBXProject section */
		900F6BB7230CF55C0018D22C /* Project object */ = {
			isa = PBXProject;
			attributes = {
				LastSwiftUpdateCheck = 1030;
				LastUpgradeCheck = 1030;
				ORGANIZATIONNAME = Nimble;
				TargetAttributes = {
					900F6BBE230CF55C0018D22C = {
						CreatedOnToolsVersion = 10.3;
					};
					900F6BD2230CF55D0018D22C = {
						CreatedOnToolsVersion = 10.3;
						TestTargetID = 900F6BBE230CF55C0018D22C;
					};
					900F6BDD230CF55D0018D22C = {
						CreatedOnToolsVersion = 10.3;
						TestTargetID = 900F6BBE230CF55C0018D22C;
					};
				};
			};
			buildConfigurationList = 900F6BBA230CF55C0018D22C /* Build configuration list for PBXProject "FaceRecognition" */;
			compatibilityVersion = "Xcode 9.3";
			developmentRegion = en;
			hasScannedForEncodings = 0;
			knownRegions = (
				en,
				Base,
			);
			mainGroup = 900F6BB6230CF55C0018D22C;
			productRefGroup = 900F6BC0230CF55C0018D22C /* Products */;
			projectDirPath = "";
			projectRoot = "";
			targets = (
				900F6BBE230CF55C0018D22C /* FaceRecognition */,
				900F6BD2230CF55D0018D22C /* FaceRecognitionTests */,
				900F6BDD230CF55D0018D22C /* FaceRecognitionUITests */,
			);
		};
/* End PBXProject section */

/* Begin PBXResourcesBuildPhase section */
		900F6BBD230CF55C0018D22C /* Resources */ = {
			isa = PBXResourcesBuildPhase;
			buildActionMask = 2147483647;
			files = (
				900F6BCD230CF55D0018D22C /* LaunchScreen.storyboard in Resources */,
				900F6BCA230CF55D0018D22C /* Assets.xcassets in Resources */,
			);
			runOnlyForDeploymentPostprocessing = 0;
		};
		900F6BD1230CF55D0018D22C /* Resources */ = {
			isa = PBXResourcesBuildPhase;
			buildActionMask = 2147483647;
			files = (
			);
			runOnlyForDeploymentPostprocessing = 0;
		};
		900F6BDC230CF55D0018D22C /* Resources */ = {
			isa = PBXResourcesBuildPhase;
			buildActionMask = 2147483647;
			files = (
			);
			runOnlyForDeploymentPostprocessing = 0;
		};
/* End PBXResourcesBuildPhase section */

/* Begin PBXShellScriptBuildPhase section */
		41D9CF5D0E8B7D461729D13D /* [CP] Check Pods Manifest.lock */ = {
			isa = PBXShellScriptBuildPhase;
			buildActionMask = 2147483647;
			files = (
			);
			inputFileListPaths = (
			);
			inputPaths = (
				"${PODS_PODFILE_DIR_PATH}/Podfile.lock",
				"${PODS_ROOT}/Manifest.lock",
			);
			name = "[CP] Check Pods Manifest.lock";
			outputFileListPaths = (
			);
			outputPaths = (
				"$(DERIVED_FILE_DIR)/Pods-FaceRecognitionUITests-checkManifestLockResult.txt",
			);
			runOnlyForDeploymentPostprocessing = 0;
			shellPath = /bin/sh;
			shellScript = "diff \"${PODS_PODFILE_DIR_PATH}/Podfile.lock\" \"${PODS_ROOT}/Manifest.lock\" > /dev/null\nif [ $? != 0 ] ; then\n    # print error to STDERR\n    echo \"error: The sandbox is not in sync with the Podfile.lock. Run 'pod install' or update your CocoaPods installation.\" >&2\n    exit 1\nfi\n# This output is used by Xcode 'outputs' to avoid re-running this script phase.\necho \"SUCCESS\" > \"${SCRIPT_OUTPUT_FILE_0}\"\n";
			showEnvVarsInLog = 0;
		};
		96946EF16EFC8EF0054A53B5 /* [CP] Embed Pods Frameworks */ = {
			isa = PBXShellScriptBuildPhase;
			buildActionMask = 2147483647;
			files = (
			);
			inputFileListPaths = (
				"${PODS_ROOT}/Target Support Files/Pods-FaceRecognition/Pods-FaceRecognition-frameworks-${CONFIGURATION}-input-files.xcfilelist",
			);
			name = "[CP] Embed Pods Frameworks";
			outputFileListPaths = (
				"${PODS_ROOT}/Target Support Files/Pods-FaceRecognition/Pods-FaceRecognition-frameworks-${CONFIGURATION}-output-files.xcfilelist",
			);
			runOnlyForDeploymentPostprocessing = 0;
			shellPath = /bin/sh;
			shellScript = "\"${PODS_ROOT}/Target Support Files/Pods-FaceRecognition/Pods-FaceRecognition-frameworks.sh\"\n";
			showEnvVarsInLog = 0;
		};
		A6B00539C9A629155648E420 /* [CP] Check Pods Manifest.lock */ = {
			isa = PBXShellScriptBuildPhase;
			buildActionMask = 2147483647;
			files = (
			);
			inputFileListPaths = (
			);
			inputPaths = (
				"${PODS_PODFILE_DIR_PATH}/Podfile.lock",
				"${PODS_ROOT}/Manifest.lock",
			);
			name = "[CP] Check Pods Manifest.lock";
			outputFileListPaths = (
			);
			outputPaths = (
				"$(DERIVED_FILE_DIR)/Pods-FaceRecognitionTests-checkManifestLockResult.txt",
			);
			runOnlyForDeploymentPostprocessing = 0;
			shellPath = /bin/sh;
			shellScript = "diff \"${PODS_PODFILE_DIR_PATH}/Podfile.lock\" \"${PODS_ROOT}/Manifest.lock\" > /dev/null\nif [ $? != 0 ] ; then\n    # print error to STDERR\n    echo \"error: The sandbox is not in sync with the Podfile.lock. Run 'pod install' or update your CocoaPods installation.\" >&2\n    exit 1\nfi\n# This output is used by Xcode 'outputs' to avoid re-running this script phase.\necho \"SUCCESS\" > \"${SCRIPT_OUTPUT_FILE_0}\"\n";
			showEnvVarsInLog = 0;
		};
		A6E9DCA7D3C3E8BCE3BC42FE /* [CP] Check Pods Manifest.lock */ = {
			isa = PBXShellScriptBuildPhase;
			buildActionMask = 2147483647;
			files = (
			);
			inputFileListPaths = (
			);
			inputPaths = (
				"${PODS_PODFILE_DIR_PATH}/Podfile.lock",
				"${PODS_ROOT}/Manifest.lock",
			);
			name = "[CP] Check Pods Manifest.lock";
			outputFileListPaths = (
			);
			outputPaths = (
				"$(DERIVED_FILE_DIR)/Pods-FaceRecognition-checkManifestLockResult.txt",
			);
			runOnlyForDeploymentPostprocessing = 0;
			shellPath = /bin/sh;
			shellScript = "diff \"${PODS_PODFILE_DIR_PATH}/Podfile.lock\" \"${PODS_ROOT}/Manifest.lock\" > /dev/null\nif [ $? != 0 ] ; then\n    # print error to STDERR\n    echo \"error: The sandbox is not in sync with the Podfile.lock. Run 'pod install' or update your CocoaPods installation.\" >&2\n    exit 1\nfi\n# This output is used by Xcode 'outputs' to avoid re-running this script phase.\necho \"SUCCESS\" > \"${SCRIPT_OUTPUT_FILE_0}\"\n";
			showEnvVarsInLog = 0;
		};
/* End PBXShellScriptBuildPhase section */

/* Begin PBXSourcesBuildPhase section */
		900F6BBB230CF55C0018D22C /* Sources */ = {
			isa = PBXSourcesBuildPhase;
			buildActionMask = 2147483647;
			files = (
				9000E8F0230E98CE007E271F /* CIImage+Vision.swift in Sources */,
				9000E8DC230E88E4007E271F /* TakePicturesViewController.swift in Sources */,
				900F6BC3230CF55C0018D22C /* AppDelegate.swift in Sources */,
				909D30CA230F89D600816CD3 /* FaceTrackingController.swift in Sources */,
				9000E8EE230E98B4007E271F /* CGFloat+Math.swift in Sources */,
				9000E8EC230E982D007E271F /* PhotoManager.swift in Sources */,
				9000E8BF230E7ADE007E271F /* CameraViewController.swift in Sources */,
				909D30CF230F8A2D00816CD3 /* ImageClassifier.mlmodel in Sources */,
				909D30CC230F8A0200816CD3 /* ModelManager.swift in Sources */,
				9000E8D2230E8881007E271F /* HomeViewController.swift in Sources */,
				9000E8C5230E83B9007E271F /* Error+FaceRecognition.swift in Sources */,
				9000E8C2230E833B007E271F /* UIViewController+Alert.swift in Sources */,
			);
			runOnlyForDeploymentPostprocessing = 0;
		};
		900F6BCF230CF55D0018D22C /* Sources */ = {
			isa = PBXSourcesBuildPhase;
			buildActionMask = 2147483647;
			files = (
			);
			runOnlyForDeploymentPostprocessing = 0;
		};
		900F6BDA230CF55D0018D22C /* Sources */ = {
			isa = PBXSourcesBuildPhase;
			buildActionMask = 2147483647;
			files = (
			);
			runOnlyForDeploymentPostprocessing = 0;
		};
/* End PBXSourcesBuildPhase section */

/* Begin PBXTargetDependency section */
		900F6BD5230CF55D0018D22C /* PBXTargetDependency */ = {
			isa = PBXTargetDependency;
			target = 900F6BBE230CF55C0018D22C /* FaceRecognition */;
			targetProxy = 900F6BD4230CF55D0018D22C /* PBXContainerItemProxy */;
		};
		900F6BE0230CF55D0018D22C /* PBXTargetDependency */ = {
			isa = PBXTargetDependency;
			target = 900F6BBE230CF55C0018D22C /* FaceRecognition */;
			targetProxy = 900F6BDF230CF55D0018D22C /* PBXContainerItemProxy */;
		};
/* End PBXTargetDependency section */

/* Begin PBXVariantGroup section */
		900F6BCB230CF55D0018D22C /* LaunchScreen.storyboard */ = {
			isa = PBXVariantGroup;
			children = (
				900F6BCC230CF55D0018D22C /* Base */,
			);
			name = LaunchScreen.storyboard;
			sourceTree = "<group>";
		};
/* End PBXVariantGroup section */

/* Begin XCBuildConfiguration section */
		900F6BE5230CF55D0018D22C /* Debug */ = {
			isa = XCBuildConfiguration;
			buildSettings = {
				ALWAYS_SEARCH_USER_PATHS = NO;
				CLANG_ANALYZER_NONNULL = YES;
				CLANG_ANALYZER_NUMBER_OBJECT_CONVERSION = YES_AGGRESSIVE;
				CLANG_CXX_LANGUAGE_STANDARD = "gnu++14";
				CLANG_CXX_LIBRARY = "libc++";
				CLANG_ENABLE_MODULES = YES;
				CLANG_ENABLE_OBJC_ARC = YES;
				CLANG_ENABLE_OBJC_WEAK = YES;
				CLANG_WARN_BLOCK_CAPTURE_AUTORELEASING = YES;
				CLANG_WARN_BOOL_CONVERSION = YES;
				CLANG_WARN_COMMA = YES;
				CLANG_WARN_CONSTANT_CONVERSION = YES;
				CLANG_WARN_DEPRECATED_OBJC_IMPLEMENTATIONS = YES;
				CLANG_WARN_DIRECT_OBJC_ISA_USAGE = YES_ERROR;
				CLANG_WARN_DOCUMENTATION_COMMENTS = YES;
				CLANG_WARN_EMPTY_BODY = YES;
				CLANG_WARN_ENUM_CONVERSION = YES;
				CLANG_WARN_INFINITE_RECURSION = YES;
				CLANG_WARN_INT_CONVERSION = YES;
				CLANG_WARN_NON_LITERAL_NULL_CONVERSION = YES;
				CLANG_WARN_OBJC_IMPLICIT_RETAIN_SELF = YES;
				CLANG_WARN_OBJC_LITERAL_CONVERSION = YES;
				CLANG_WARN_OBJC_ROOT_CLASS = YES_ERROR;
				CLANG_WARN_RANGE_LOOP_ANALYSIS = YES;
				CLANG_WARN_STRICT_PROTOTYPES = YES;
				CLANG_WARN_SUSPICIOUS_MOVE = YES;
				CLANG_WARN_UNGUARDED_AVAILABILITY = YES_AGGRESSIVE;
				CLANG_WARN_UNREACHABLE_CODE = YES;
				CLANG_WARN__DUPLICATE_METHOD_MATCH = YES;
				CODE_SIGN_IDENTITY = "iPhone Developer";
				COPY_PHASE_STRIP = NO;
				DEBUG_INFORMATION_FORMAT = dwarf;
				ENABLE_STRICT_OBJC_MSGSEND = YES;
				ENABLE_TESTABILITY = YES;
				GCC_C_LANGUAGE_STANDARD = gnu11;
				GCC_DYNAMIC_NO_PIC = NO;
				GCC_NO_COMMON_BLOCKS = YES;
				GCC_OPTIMIZATION_LEVEL = 0;
				GCC_PREPROCESSOR_DEFINITIONS = (
					"DEBUG=1",
					"$(inherited)",
				);
				GCC_WARN_64_TO_32_BIT_CONVERSION = YES;
				GCC_WARN_ABOUT_RETURN_TYPE = YES_ERROR;
				GCC_WARN_UNDECLARED_SELECTOR = YES;
				GCC_WARN_UNINITIALIZED_AUTOS = YES_AGGRESSIVE;
				GCC_WARN_UNUSED_FUNCTION = YES;
				GCC_WARN_UNUSED_VARIABLE = YES;
				IPHONEOS_DEPLOYMENT_TARGET = 12.4;
				MTL_ENABLE_DEBUG_INFO = INCLUDE_SOURCE;
				MTL_FAST_MATH = YES;
				ONLY_ACTIVE_ARCH = YES;
				SDKROOT = iphoneos;
				SWIFT_ACTIVE_COMPILATION_CONDITIONS = DEBUG;
				SWIFT_OPTIMIZATION_LEVEL = "-Onone";
			};
			name = Debug;
		};
		900F6BE6230CF55D0018D22C /* Release */ = {
			isa = XCBuildConfiguration;
			buildSettings = {
				ALWAYS_SEARCH_USER_PATHS = NO;
				CLANG_ANALYZER_NONNULL = YES;
				CLANG_ANALYZER_NUMBER_OBJECT_CONVERSION = YES_AGGRESSIVE;
				CLANG_CXX_LANGUAGE_STANDARD = "gnu++14";
				CLANG_CXX_LIBRARY = "libc++";
				CLANG_ENABLE_MODULES = YES;
				CLANG_ENABLE_OBJC_ARC = YES;
				CLANG_ENABLE_OBJC_WEAK = YES;
				CLANG_WARN_BLOCK_CAPTURE_AUTORELEASING = YES;
				CLANG_WARN_BOOL_CONVERSION = YES;
				CLANG_WARN_COMMA = YES;
				CLANG_WARN_CONSTANT_CONVERSION = YES;
				CLANG_WARN_DEPRECATED_OBJC_IMPLEMENTATIONS = YES;
				CLANG_WARN_DIRECT_OBJC_ISA_USAGE = YES_ERROR;
				CLANG_WARN_DOCUMENTATION_COMMENTS = YES;
				CLANG_WARN_EMPTY_BODY = YES;
				CLANG_WARN_ENUM_CONVERSION = YES;
				CLANG_WARN_INFINITE_RECURSION = YES;
				CLANG_WARN_INT_CONVERSION = YES;
				CLANG_WARN_NON_LITERAL_NULL_CONVERSION = YES;
				CLANG_WARN_OBJC_IMPLICIT_RETAIN_SELF = YES;
				CLANG_WARN_OBJC_LITERAL_CONVERSION = YES;
				CLANG_WARN_OBJC_ROOT_CLASS = YES_ERROR;
				CLANG_WARN_RANGE_LOOP_ANALYSIS = YES;
				CLANG_WARN_STRICT_PROTOTYPES = YES;
				CLANG_WARN_SUSPICIOUS_MOVE = YES;
				CLANG_WARN_UNGUARDED_AVAILABILITY = YES_AGGRESSIVE;
				CLANG_WARN_UNREACHABLE_CODE = YES;
				CLANG_WARN__DUPLICATE_METHOD_MATCH = YES;
				CODE_SIGN_IDENTITY = "iPhone Developer";
				COPY_PHASE_STRIP = NO;
				DEBUG_INFORMATION_FORMAT = "dwarf-with-dsym";
				ENABLE_NS_ASSERTIONS = NO;
				ENABLE_STRICT_OBJC_MSGSEND = YES;
				GCC_C_LANGUAGE_STANDARD = gnu11;
				GCC_NO_COMMON_BLOCKS = YES;
				GCC_WARN_64_TO_32_BIT_CONVERSION = YES;
				GCC_WARN_ABOUT_RETURN_TYPE = YES_ERROR;
				GCC_WARN_UNDECLARED_SELECTOR = YES;
				GCC_WARN_UNINITIALIZED_AUTOS = YES_AGGRESSIVE;
				GCC_WARN_UNUSED_FUNCTION = YES;
				GCC_WARN_UNUSED_VARIABLE = YES;
				IPHONEOS_DEPLOYMENT_TARGET = 12.4;
				MTL_ENABLE_DEBUG_INFO = NO;
				MTL_FAST_MATH = YES;
				SDKROOT = iphoneos;
				SWIFT_COMPILATION_MODE = wholemodule;
				SWIFT_OPTIMIZATION_LEVEL = "-O";
				VALIDATE_PRODUCT = YES;
			};
			name = Release;
		};
		900F6BE8230CF55D0018D22C /* Debug */ = {
			isa = XCBuildConfiguration;
			baseConfigurationReference = 89FAB5FFD0499E3BA7D67DB0 /* Pods-FaceRecognition.debug.xcconfig */;
			buildSettings = {
				ASSETCATALOG_COMPILER_APPICON_NAME = AppIcon;
				CODE_SIGN_STYLE = Automatic;
				DEVELOPMENT_TEAM = YY4ZX4L4MB;
				INFOPLIST_FILE = "$(SRCROOT)/FaceRecognition/Supporting Files/Info.plist";
				LD_RUNPATH_SEARCH_PATHS = (
					"$(inherited)",
					"@executable_path/Frameworks",
				);
				PRODUCT_BUNDLE_IDENTIFIER = co.nimblehq.growth.FaceRecognition;
				PRODUCT_NAME = "$(TARGET_NAME)";
				SWIFT_VERSION = 5.0;
				TARGETED_DEVICE_FAMILY = "1,2";
			};
			name = Debug;
		};
		900F6BE9230CF55D0018D22C /* Release */ = {
			isa = XCBuildConfiguration;
			baseConfigurationReference = F5799412932ED8F64AAA039C /* Pods-FaceRecognition.release.xcconfig */;
			buildSettings = {
				ASSETCATALOG_COMPILER_APPICON_NAME = AppIcon;
				CODE_SIGN_STYLE = Automatic;
				DEVELOPMENT_TEAM = YY4ZX4L4MB;
				INFOPLIST_FILE = "$(SRCROOT)/FaceRecognition/Supporting Files/Info.plist";
				LD_RUNPATH_SEARCH_PATHS = (
					"$(inherited)",
					"@executable_path/Frameworks",
				);
				PRODUCT_BUNDLE_IDENTIFIER = co.nimblehq.growth.FaceRecognition;
				PRODUCT_NAME = "$(TARGET_NAME)";
				SWIFT_VERSION = 5.0;
				TARGETED_DEVICE_FAMILY = "1,2";
			};
			name = Release;
		};
		900F6BEB230CF55D0018D22C /* Debug */ = {
			isa = XCBuildConfiguration;
			baseConfigurationReference = 5F15704D38DC038E2FC93FF8 /* Pods-FaceRecognitionTests.debug.xcconfig */;
			buildSettings = {
				ALWAYS_EMBED_SWIFT_STANDARD_LIBRARIES = YES;
				BUNDLE_LOADER = "$(TEST_HOST)";
				CODE_SIGN_STYLE = Automatic;
				INFOPLIST_FILE = "FaceRecognitionTests/Supporting Files/Info.plist";
				LD_RUNPATH_SEARCH_PATHS = (
					"$(inherited)",
					"@executable_path/Frameworks",
					"@loader_path/Frameworks",
				);
				PRODUCT_BUNDLE_IDENTIFIER = co.nimblehq.growth.FaceRecognitionTests;
				PRODUCT_NAME = "$(TARGET_NAME)";
				SWIFT_VERSION = 5.0;
				TARGETED_DEVICE_FAMILY = "1,2";
				TEST_HOST = "$(BUILT_PRODUCTS_DIR)/FaceRecognition.app/FaceRecognition";
			};
			name = Debug;
		};
		900F6BEC230CF55D0018D22C /* Release */ = {
			isa = XCBuildConfiguration;
			baseConfigurationReference = C98649B71E1D625262A16B5B /* Pods-FaceRecognitionTests.release.xcconfig */;
			buildSettings = {
				ALWAYS_EMBED_SWIFT_STANDARD_LIBRARIES = YES;
				BUNDLE_LOADER = "$(TEST_HOST)";
				CODE_SIGN_STYLE = Automatic;
				INFOPLIST_FILE = "FaceRecognitionTests/Supporting Files/Info.plist";
				LD_RUNPATH_SEARCH_PATHS = (
					"$(inherited)",
					"@executable_path/Frameworks",
					"@loader_path/Frameworks",
				);
				PRODUCT_BUNDLE_IDENTIFIER = co.nimblehq.growth.FaceRecognitionTests;
				PRODUCT_NAME = "$(TARGET_NAME)";
				SWIFT_VERSION = 5.0;
				TARGETED_DEVICE_FAMILY = "1,2";
				TEST_HOST = "$(BUILT_PRODUCTS_DIR)/FaceRecognition.app/FaceRecognition";
			};
			name = Release;
		};
		900F6BEE230CF55D0018D22C /* Debug */ = {
			isa = XCBuildConfiguration;
			baseConfigurationReference = CDC0EBEA2A29ECFADA36A320 /* Pods-FaceRecognitionUITests.debug.xcconfig */;
			buildSettings = {
				ALWAYS_EMBED_SWIFT_STANDARD_LIBRARIES = YES;
				CODE_SIGN_STYLE = Automatic;
				INFOPLIST_FILE = "FaceRecognitionUITests/Supporting Files/Info.plist";
				LD_RUNPATH_SEARCH_PATHS = (
					"$(inherited)",
					"@executable_path/Frameworks",
					"@loader_path/Frameworks",
				);
				PRODUCT_BUNDLE_IDENTIFIER = co.nimblehq.growth.FaceRecognitionUITests;
				PRODUCT_NAME = "$(TARGET_NAME)";
				SWIFT_VERSION = 5.0;
				TARGETED_DEVICE_FAMILY = "1,2";
				TEST_TARGET_NAME = FaceRecognition;
			};
			name = Debug;
		};
		900F6BEF230CF55D0018D22C /* Release */ = {
			isa = XCBuildConfiguration;
			baseConfigurationReference = 6872641C28CE954A36F811E6 /* Pods-FaceRecognitionUITests.release.xcconfig */;
			buildSettings = {
				ALWAYS_EMBED_SWIFT_STANDARD_LIBRARIES = YES;
				CODE_SIGN_STYLE = Automatic;
				INFOPLIST_FILE = "FaceRecognitionUITests/Supporting Files/Info.plist";
				LD_RUNPATH_SEARCH_PATHS = (
					"$(inherited)",
					"@executable_path/Frameworks",
					"@loader_path/Frameworks",
				);
				PRODUCT_BUNDLE_IDENTIFIER = co.nimblehq.growth.FaceRecognitionUITests;
				PRODUCT_NAME = "$(TARGET_NAME)";
				SWIFT_VERSION = 5.0;
				TARGETED_DEVICE_FAMILY = "1,2";
				TEST_TARGET_NAME = FaceRecognition;
			};
			name = Release;
		};
/* End XCBuildConfiguration section */

/* Begin XCConfigurationList section */
		900F6BBA230CF55C0018D22C /* Build configuration list for PBXProject "FaceRecognition" */ = {
			isa = XCConfigurationList;
			buildConfigurations = (
				900F6BE5230CF55D0018D22C /* Debug */,
				900F6BE6230CF55D0018D22C /* Release */,
			);
			defaultConfigurationIsVisible = 0;
			defaultConfigurationName = Release;
		};
		900F6BE7230CF55D0018D22C /* Build configuration list for PBXNativeTarget "FaceRecognition" */ = {
			isa = XCConfigurationList;
			buildConfigurations = (
				900F6BE8230CF55D0018D22C /* Debug */,
				900F6BE9230CF55D0018D22C /* Release */,
			);
			defaultConfigurationIsVisible = 0;
			defaultConfigurationName = Release;
		};
		900F6BEA230CF55D0018D22C /* Build configuration list for PBXNativeTarget "FaceRecognitionTests" */ = {
			isa = XCConfigurationList;
			buildConfigurations = (
				900F6BEB230CF55D0018D22C /* Debug */,
				900F6BEC230CF55D0018D22C /* Release */,
			);
			defaultConfigurationIsVisible = 0;
			defaultConfigurationName = Release;
		};
		900F6BED230CF55D0018D22C /* Build configuration list for PBXNativeTarget "FaceRecognitionUITests" */ = {
			isa = XCConfigurationList;
			buildConfigurations = (
				900F6BEE230CF55D0018D22C /* Debug */,
				900F6BEF230CF55D0018D22C /* Release */,
			);
			defaultConfigurationIsVisible = 0;
			defaultConfigurationName = Release;
		};
/* End XCConfigurationList section */
	};
	rootObject = 900F6BB7230CF55C0018D22C /* Project object */;
}
